
Microsoft Visual Studio Solution File, Format Version 12.00
# Visual Studio Version 17
VisualStudioVersion = 17.11.35303.130
MinimumVisualStudioVersion = 10.0.40219.1
Project("{2150E333-8FDC-42A3-9474-1A3956D46DE8}") = "Task0", "Task0", "{43E5EE58-910A-4F62-A2D3-A03C92ADFE30}"
EndProject
Project("{9A19103F-16F7-4668-BE54-9A1E7A4F7556}") = "Tyuiu.BuyanovaVI.Sprint1.Task0.V12.Lib", "Tyuiu.BuyanovaVI.Sprint1.Task0.V12.Lib\Tyuiu.BuyanovaVI.Sprint1.Task0.V12.Lib.csproj", "{88A69B8A-1136-4739-AA79-0E3D5162F261}"
EndProject
Project("{9A19103F-16F7-4668-BE54-9A1E7A4F7556}") = "Tyuiu.BuyanovaVI.Sprint1.Task0.V12.Test", "Tyuiu.BuyanovaVI.Sprint1.Task0.V12.Test\Tyuiu.BuyanovaVI.Sprint1.Task0.V12.Test.csproj", "{86D1F54C-E2DB-4C1F-BBC8-5AF9F2DDBFF6}"
EndProject
Project("{9A19103F-16F7-4668-BE54-9A1E7A4F7556}") = "Tyuiu.BuyanovaVI.Sprint1.Task0.V12", "Tyuiu.BuyanovaVI.Sprint1.Task0.V12\Tyuiu.BuyanovaVI.Sprint1.Task0.V12.csproj", "{4DFD1185-4F43-4BCB-9173-42F7804F655C}"
EndProject
Project("{2150E333-8FDC-42A3-9474-1A3956D46DE8}") = "Task1", "Task1", "{ACB648E4-4069-403E-8995-AF95C2B50593}"
EndProject
Project("{9A19103F-16F7-4668-BE54-9A1E7A4F7556}") = "Tyuiu.BuyanovaVI.Sprint1.Task1.V12", "Tyuiu.BuyanovaVI.Sprint1.Task1.V12\Tyuiu.BuyanovaVI.Sprint1.Task1.V12.csproj", "{AE827F0B-76CA-4593-8DB0-1A2E5F20891D}"
EndProject
Project("{9A19103F-16F7-4668-BE54-9A1E7A4F7556}") = "Tyuiu.BuyanovaVI.Sprint1.Task1.V12.Lib", "Tyuiu.BuyanovaVI.Sprint1.Task1.V12.Lib\Tyuiu.BuyanovaVI.Sprint1.Task1.V12.Lib.csproj", "{59E6B54F-399E-4646-88FB-EE54F70E6539}"
EndProject
Project("{9A19103F-16F7-4668-BE54-9A1E7A4F7556}") = "Tyuiu.BuyanovaVI.Sprint1.Task1.V12.Test", "Tyuiu.BuyanovaVI.Sprint1.Task1.V12.Test\Tyuiu.BuyanovaVI.Sprint1.Task1.V12.Test.csproj", "{8C08980C-AAFC-4963-96CF-4E5793570460}"
EndProject
Project("{2150E333-8FDC-42A3-9474-1A3956D46DE8}") = "Task2", "Task2", "{5BD9D730-94E8-4567-B4A7-974658843095}"
EndProject
Project("{9A19103F-16F7-4668-BE54-9A1E7A4F7556}") = "Tyuiu.BuyanovaVI.Sprint1.Task2.V11", "Tyuiu.BuyanovaVI.Sprint1.Task2.V11\Tyuiu.BuyanovaVI.Sprint1.Task2.V11.csproj", "{62281C97-A9FA-4C00-B01B-0A47B15694E8}"
EndProject
Project("{9A19103F-16F7-4668-BE54-9A1E7A4F7556}") = "Tyuiu.BuyanovaVI.Sprint1.Task2.V11.Lib", "Tyuiu.BuyanovaVI.Sprint1.Task2.V11.Lib\Tyuiu.BuyanovaVI.Sprint1.Task2.V11.Lib.csproj", "{D6DEF1C8-49C7-4799-A875-9995D752698B}"
EndProject
Project("{FAE04EC0-301F-11D3-BF4B-00C04F79EFBC}") = "Tyuiu.BuyanovaVI.Sprint1.Task2.V11.Test", "Tyuiu.BuyanovaVI.Sprint1.Task2.V11.Test\Tyuiu.BuyanovaVI.Sprint1.Task2.V11.Test.csproj", "{DB2CDADE-AB79-4CE9-86FA-28DAA7E8B480}"
EndProject
Project("{2150E333-8FDC-42A3-9474-1A3956D46DE8}") = "Task3", "Task3", "{67CE8A52-C6DE-48B6-B71E-0C58A9C945D7}"
EndProject
Project("{FAE04EC0-301F-11D3-BF4B-00C04F79EFBC}") = "Tyuiu.BuyanovaVI.Sprint1.Task3.V17", "Tyuiu.BuyanovaVI.Sprint1.Task3.V17\Tyuiu.BuyanovaVI.Sprint1.Task3.V17.csproj", "{A957CD3F-DBF1-4928-BA55-9B281060D909}"
EndProject
Project("{FAE04EC0-301F-11D3-BF4B-00C04F79EFBC}") = "Tyuiu.BuyanovaVI.Sprint1.Task3.V17.Lib", "Tyuiu.BuyanovaVI.Sprint1.Task3.V17.Lib\Tyuiu.BuyanovaVI.Sprint1.Task3.V17.Lib.csproj", "{7D9CBBD3-A8EC-4555-BB8A-97171CDEA5BC}"
EndProject
Project("{FAE04EC0-301F-11D3-BF4B-00C04F79EFBC}") = "Tyuiu.BuyanovaVI.Sprint1.Task3.V17.Test", "Tyuiu.BuyanovaVI.Sprint1.Task3.V17.Test\Tyuiu.BuyanovaVI.Sprint1.Task3.V17.Test.csproj", "{1E505B5C-2DF3-457C-AEF6-EAC19F84406F}"
EndProject
Global
	GlobalSection(SolutionConfigurationPlatforms) = preSolution
		Debug|Any CPU = Debug|Any CPU
		Release|Any CPU = Release|Any CPU
	EndGlobalSection
	GlobalSection(ProjectConfigurationPlatforms) = postSolution
		{88A69B8A-1136-4739-AA79-0E3D5162F261}.Debug|Any CPU.ActiveCfg = Debug|Any CPU
		{88A69B8A-1136-4739-AA79-0E3D5162F261}.Debug|Any CPU.Build.0 = Debug|Any CPU
		{88A69B8A-1136-4739-AA79-0E3D5162F261}.Release|Any CPU.ActiveCfg = Release|Any CPU
		{88A69B8A-1136-4739-AA79-0E3D5162F261}.Release|Any CPU.Build.0 = Release|Any CPU
		{86D1F54C-E2DB-4C1F-BBC8-5AF9F2DDBFF6}.Debug|Any CPU.ActiveCfg = Debug|Any CPU
		{86D1F54C-E2DB-4C1F-BBC8-5AF9F2DDBFF6}.Debug|Any CPU.Build.0 = Debug|Any CPU
		{86D1F54C-E2DB-4C1F-BBC8-5AF9F2DDBFF6}.Release|Any CPU.ActiveCfg = Release|Any CPU
		{86D1F54C-E2DB-4C1F-BBC8-5AF9F2DDBFF6}.Release|Any CPU.Build.0 = Release|Any CPU
		{4DFD1185-4F43-4BCB-9173-42F7804F655C}.Debug|Any CPU.ActiveCfg = Debug|Any CPU
		{4DFD1185-4F43-4BCB-9173-42F7804F655C}.Debug|Any CPU.Build.0 = Debug|Any CPU
		{4DFD1185-4F43-4BCB-9173-42F7804F655C}.Release|Any CPU.ActiveCfg = Release|Any CPU
		{4DFD1185-4F43-4BCB-9173-42F7804F655C}.Release|Any CPU.Build.0 = Release|Any CPU
		{AE827F0B-76CA-4593-8DB0-1A2E5F20891D}.Debug|Any CPU.ActiveCfg = Debug|Any CPU
		{AE827F0B-76CA-4593-8DB0-1A2E5F20891D}.Debug|Any CPU.Build.0 = Debug|Any CPU
		{AE827F0B-76CA-4593-8DB0-1A2E5F20891D}.Release|Any CPU.ActiveCfg = Release|Any CPU
		{AE827F0B-76CA-4593-8DB0-1A2E5F20891D}.Release|Any CPU.Build.0 = Release|Any CPU
		{59E6B54F-399E-4646-88FB-EE54F70E6539}.Debug|Any CPU.ActiveCfg = Debug|Any CPU
		{59E6B54F-399E-4646-88FB-EE54F70E6539}.Debug|Any CPU.Build.0 = Debug|Any CPU
		{59E6B54F-399E-4646-88FB-EE54F70E6539}.Release|Any CPU.ActiveCfg = Release|Any CPU
		{59E6B54F-399E-4646-88FB-EE54F70E6539}.Release|Any CPU.Build.0 = Release|Any CPU
		{8C08980C-AAFC-4963-96CF-4E5793570460}.Debug|Any CPU.ActiveCfg = Debug|Any CPU
		{8C08980C-AAFC-4963-96CF-4E5793570460}.Debug|Any CPU.Build.0 = Debug|Any CPU
		{8C08980C-AAFC-4963-96CF-4E5793570460}.Release|Any CPU.ActiveCfg = Release|Any CPU
		{8C08980C-AAFC-4963-96CF-4E5793570460}.Release|Any CPU.Build.0 = Release|Any CPU
		{62281C97-A9FA-4C00-B01B-0A47B15694E8}.Debug|Any CPU.ActiveCfg = Debug|Any CPU
		{62281C97-A9FA-4C00-B01B-0A47B15694E8}.Debug|Any CPU.Build.0 = Debug|Any CPU
		{62281C97-A9FA-4C00-B01B-0A47B15694E8}.Release|Any CPU.ActiveCfg = Release|Any CPU
		{62281C97-A9FA-4C00-B01B-0A47B15694E8}.Release|Any CPU.Build.0 = Release|Any CPU
		{D6DEF1C8-49C7-4799-A875-9995D752698B}.Debug|Any CPU.ActiveCfg = Debug|Any CPU
		{D6DEF1C8-49C7-4799-A875-9995D752698B}.Debug|Any CPU.Build.0 = Debug|Any CPU
		{D6DEF1C8-49C7-4799-A875-9995D752698B}.Release|Any CPU.ActiveCfg = Release|Any CPU
		{D6DEF1C8-49C7-4799-A875-9995D752698B}.Release|Any CPU.Build.0 = Release|Any CPU
		{DB2CDADE-AB79-4CE9-86FA-28DAA7E8B480}.Debug|Any CPU.ActiveCfg = Debug|Any CPU
		{DB2CDADE-AB79-4CE9-86FA-28DAA7E8B480}.Debug|Any CPU.Build.0 = Debug|Any CPU
		{DB2CDADE-AB79-4CE9-86FA-28DAA7E8B480}.Release|Any CPU.ActiveCfg = Release|Any CPU
		{DB2CDADE-AB79-4CE9-86FA-28DAA7E8B480}.Release|Any CPU.Build.0 = Release|Any CPU
		{A957CD3F-DBF1-4928-BA55-9B281060D909}.Debug|Any CPU.ActiveCfg = Debug|Any CPU
		{A957CD3F-DBF1-4928-BA55-9B281060D909}.Debug|Any CPU.Build.0 = Debug|Any CPU
		{A957CD3F-DBF1-4928-BA55-9B281060D909}.Release|Any CPU.ActiveCfg = Release|Any CPU
		{A957CD3F-DBF1-4928-BA55-9B281060D909}.Release|Any CPU.Build.0 = Release|Any CPU
		{7D9CBBD3-A8EC-4555-BB8A-97171CDEA5BC}.Debug|Any CPU.ActiveCfg = Debug|Any CPU
		{7D9CBBD3-A8EC-4555-BB8A-97171CDEA5BC}.Debug|Any CPU.Build.0 = Debug|Any CPU
		{7D9CBBD3-A8EC-4555-BB8A-97171CDEA5BC}.Release|Any CPU.ActiveCfg = Release|Any CPU
		{7D9CBBD3-A8EC-4555-BB8A-97171CDEA5BC}.Release|Any CPU.Build.0 = Release|Any CPU
		{1E505B5C-2DF3-457C-AEF6-EAC19F84406F}.Debug|Any CPU.ActiveCfg = Debug|Any CPU
		{1E505B5C-2DF3-457C-AEF6-EAC19F84406F}.Debug|Any CPU.Build.0 = Debug|Any CPU
		{1E505B5C-2DF3-457C-AEF6-EAC19F84406F}.Release|Any CPU.ActiveCfg = Release|Any CPU
		{1E505B5C-2DF3-457C-AEF6-EAC19F84406F}.Release|Any CPU.Build.0 = Release|Any CPU
	EndGlobalSection
	GlobalSection(SolutionProperties) = preSolution
		HideSolutionNode = FALSE
	EndGlobalSection
	GlobalSection(NestedProjects) = preSolution
		{88A69B8A-1136-4739-AA79-0E3D5162F261} = {43E5EE58-910A-4F62-A2D3-A03C92ADFE30}
		{86D1F54C-E2DB-4C1F-BBC8-5AF9F2DDBFF6} = {43E5EE58-910A-4F62-A2D3-A03C92ADFE30}
		{4DFD1185-4F43-4BCB-9173-42F7804F655C} = {43E5EE58-910A-4F62-A2D3-A03C92ADFE30}
		{AE827F0B-76CA-4593-8DB0-1A2E5F20891D} = {ACB648E4-4069-403E-8995-AF95C2B50593}
		{59E6B54F-399E-4646-88FB-EE54F70E6539} = {ACB648E4-4069-403E-8995-AF95C2B50593}
		{8C08980C-AAFC-4963-96CF-4E5793570460} = {ACB648E4-4069-403E-8995-AF95C2B50593}
		{62281C97-A9FA-4C00-B01B-0A47B15694E8} = {5BD9D730-94E8-4567-B4A7-974658843095}
		{D6DEF1C8-49C7-4799-A875-9995D752698B} = {5BD9D730-94E8-4567-B4A7-974658843095}
		{DB2CDADE-AB79-4CE9-86FA-28DAA7E8B480} = {5BD9D730-94E8-4567-B4A7-974658843095}
		{A957CD3F-DBF1-4928-BA55-9B281060D909} = {67CE8A52-C6DE-48B6-B71E-0C58A9C945D7}
		{7D9CBBD3-A8EC-4555-BB8A-97171CDEA5BC} = {67CE8A52-C6DE-48B6-B71E-0C58A9C945D7}
		{1E505B5C-2DF3-457C-AEF6-EAC19F84406F} = {67CE8A52-C6DE-48B6-B71E-0C58A9C945D7}
	EndGlobalSection
	GlobalSection(ExtensibilityGlobals) = postSolution
		SolutionGuid = {63C6D462-9B85-4924-94B8-FBE59B295C1D}
	EndGlobalSection
EndGlobal
